Microsoft Visual Studio Solution File, Format Version 12.00
# Visual Studio Version 16
VisualStudioVersion = 16.0.31624.102
MinimumVisualStudioVersion = 10.0.40219.1
Project("{9A19103F-16F7-4668-BE54-9A1E7A4F7556}") = "FavLocker", "Locker\FavLocker.csproj", "{B049CB79-7776-4543-9F7B-18673652FDDE}"
EndProject
Global
	GlobalSection(SolutionConfigurationPlatforms) = preSolution
		Debug|Any CPU = Debug|Any CPU
		Release|Any CPU = Release|Any CPU
	EndGlobalSection
	GlobalSection(ProjectConfigurationPlatforms) = postSolution
		{B049CB79-7776-4543-9F7B-18673652FDDE}.Debug|Any CPU.ActiveCfg = Debug|Any CPU
		{B049CB79-7776-4543-9F7B-18673652FDDE}.Debug|Any CPU.Build.0 = Debug|Any CPU
		{B049CB79-7776-4543-9F7B-18673652FDDE}.Release|Any CPU.ActiveCfg = Release|Any CPU
		{B049CB79-7776-4543-9F7B-18673652FDDE}.Release|Any CPU.Build.0 = Release|Any CPU
	EndGlobalSection
	GlobalSection(SolutionProperties) = preSolution
		HideSolutionNode = FALSE
	EndGlobalSection
	GlobalSection(ExtensibilityGlobals) = postSolution
		SolutionGuid = {683fe50a-27e0-4100-b9d9-f9a97d2b355a}
	EndGlobalSection
EndGlobal
